Microsoft Visual Studio Solution File, Format Version 12.00
# Visual Studio Version 17
VisualStudioVersion = 17.5.2.0
MinimumVisualStudioVersion = 10.0.40219.1
Project("{FAE04EC0-301F-11D3-BF4B-00C04F79EFBC}") = "FootballPointsApp", "FootballPointsApp.csproj", "{D2C5DBEF-CA31-D113-AC35-52F847A1B384}"
EndProject
Global
	GlobalSection(SolutionConfigurationPlatforms) = preSolution
		Debug|Any CPU = Debug|Any CPU
		Release|Any CPU = Release|Any CPU
	EndGlobalSection
	GlobalSection(ProjectConfigurationPlatforms) = postSolution
		{D2C5DBEF-CA31-D113-AC35-52F847A1B384}.Debug|Any CPU.ActiveCfg = Debug|Any CPU
		{D2C5DBEF-CA31-D113-AC35-52F847A1B384}.Debug|Any CPU.Build.0 = Debug|Any CPU
		{D2C5DBEF-CA31-D113-AC35-52F847A1B384}.Release|Any CPU.ActiveCfg = Release|Any CPU
		{D2C5DBEF-CA31-D113-AC35-52F847A1B384}.Release|Any CPU.Build.0 = Release|Any CPU
	EndGlobalSection
	GlobalSection(SolutionProperties) = preSolution
		HideSolutionNode = FALSE
	EndGlobalSection
	GlobalSection(ExtensibilityGlobals) = postSolution
		SolutionGuid = {70C2CDEE-50F7-40FF-90A4-B96757828B9C}
	EndGlobalSection
EndGlobal
